
Microsoft Visual Studio Solution File, Format Version 12.00
# Visual Studio Version 16
VisualStudioVersion = 16.0.29613.14
MinimumVisualStudioVersion = 10.0.40219.1
Project("{8BC9CEB8-8B4A-11D0-8D11-00A0C91BC942}") = "test", "test\build\test.vcxproj", "{63F4BB81-B9BB-441C-9C28-A5705EE69B3E}"
	ProjectSection(ProjectDependencies) = postProject
		{EE7B4C06-4E68-4246-9C90-A1A182C1D404} = {EE7B4C06-4E68-4246-9C90-A1A182C1D404}
		{A2273E95-E708-4485-B0A7-E628C3DA4B11} = {A2273E95-E708-4485-B0A7-E628C3DA4B11}
		{27CCA0FD-A8E1-46B1-84F2-98388D518E72} = {27CCA0FD-A8E1-46B1-84F2-98388D518E72}
	EndProjectSection
EndProject
Project("{2150E333-8FDC-42A3-9474-1A3956D46DE8}") = "3rd", "3rd", "{61E977D8-89DD-4B78-AE8A-72672237EEEF}"
EndProject
Project("{8BC9CEB8-8B4A-11D0-8D11-00A0C91BC942}") = "ddm", "ddm\build\ddm.vcxproj", "{A2273E95-E708-4485-B0A7-E628C3DA4B11}"
EndProject
Project("{8BC9CEB8-8B4A-11D0-8D11-00A0C91BC942}") = "IPC", "3rd\IPC\build\IPC.vcxproj", "{EE7B4C06-4E68-4246-9C90-A1A182C1D404}"
EndProject
Project("{8BC9CEB8-8B4A-11D0-8D11-00A0C91BC942}") = "encrypt", "3rd\encrypt\build\encrypt.vcxproj", "{E0115035-57E0-4E53-93BA-F655D9025E7C}"
EndProject
Project("{8BC9CEB8-8B4A-11D0-8D11-00A0C91BC942}") = "json", "3rd\json\build\json.vcxproj", "{F440AA25-776F-4F06-B415-10DDC1B8F700}"
EndProject
Project("{8BC9CEB8-8B4A-11D0-8D11-00A0C91BC942}") = "xml", "3rd\xml\build\xml.vcxproj", "{D02424DE-6F1B-4BF8-A2C2-261BFC298828}"
EndProject
Project("{8BC9CEB8-8B4A-11D0-8D11-00A0C91BC942}") = "sqlite3_key", "3rd\sqlite3_key\build\sqlite3_key.vcxproj", "{066A1A9E-D482-4863-B9B7-911383EF0378}"
EndProject
Project("{8BC9CEB8-8B4A-11D0-8D11-00A0C91BC942}") = "ddgif", "ddgif\build\ddgif.vcxproj", "{9BD2DDE7-8B50-44D3-8FB0-80ABFCDF91B1}"
EndProject
Project("{8BC9CEB8-8B4A-11D0-8D11-00A0C91BC942}") = "ddwin", "ddwin\build\ddwin.vcxproj", "{27CCA0FD-A8E1-46B1-84F2-98388D518E72}"
EndProject
Project("{8BC9CEB8-8B4A-11D0-8D11-00A0C91BC942}") = "misc", "misc\build\misc.vcxproj", "{464ED606-CA9D-4655-84FF-2CE66A2B6AC0}"
EndProject
Project("{8BC9CEB8-8B4A-11D0-8D11-00A0C91BC942}") = "ddhook", "ddhook\build\ddhook.vcxproj", "{8E4AE26B-8F8F-40C2-9E7A-A02392E21E55}"
EndProject
Global
	GlobalSection(SolutionConfigurationPlatforms) = preSolution
		Debug_Mdd|x64 = Debug_Mdd|x64
		Debug_Mdd|x86 = Debug_Mdd|x86
		Debug|x64 = Debug|x64
		Debug|x86 = Debug|x86
		Release_Md|x64 = Release_Md|x64
		Release_Md|x86 = Release_Md|x86
		Release|x64 = Release|x64
		Release|x86 = Release|x86
	EndGlobalSection
	GlobalSection(ProjectConfigurationPlatforms) = postSolution
		{63F4BB81-B9BB-441C-9C28-A5705EE69B3E}.Debug_Mdd|x64.ActiveCfg = Debug_Mdd|x64
		{63F4BB81-B9BB-441C-9C28-A5705EE69B3E}.Debug_Mdd|x64.Build.0 = Debug_Mdd|x64
		{63F4BB81-B9BB-441C-9C28-A5705EE69B3E}.Debug_Mdd|x86.ActiveCfg = Debug_Mdd|Win32
		{63F4BB81-B9BB-441C-9C28-A5705EE69B3E}.Debug_Mdd|x86.Build.0 = Debug_Mdd|Win32
		{63F4BB81-B9BB-441C-9C28-A5705EE69B3E}.Debug|x64.ActiveCfg = Debug|x64
		{63F4BB81-B9BB-441C-9C28-A5705EE69B3E}.Debug|x64.Build.0 = Debug|x64
		{63F4BB81-B9BB-441C-9C28-A5705EE69B3E}.Debug|x86.ActiveCfg = Debug|Win32
		{63F4BB81-B9BB-441C-9C28-A5705EE69B3E}.Debug|x86.Build.0 = Debug|Win32
		{63F4BB81-B9BB-441C-9C28-A5705EE69B3E}.Release_Md|x64.ActiveCfg = Release_Md|x64
		{63F4BB81-B9BB-441C-9C28-A5705EE69B3E}.Release_Md|x64.Build.0 = Release_Md|x64
		{63F4BB81-B9BB-441C-9C28-A5705EE69B3E}.Release_Md|x86.ActiveCfg = Release_Md|Win32
		{63F4BB81-B9BB-441C-9C28-A5705EE69B3E}.Release_Md|x86.Build.0 = Release_Md|Win32
		{63F4BB81-B9BB-441C-9C28-A5705EE69B3E}.Release|x64.ActiveCfg = Release|x64
		{63F4BB81-B9BB-441C-9C28-A5705EE69B3E}.Release|x64.Build.0 = Release|x64
		{63F4BB81-B9BB-441C-9C28-A5705EE69B3E}.Release|x86.ActiveCfg = Release|Win32
		{63F4BB81-B9BB-441C-9C28-A5705EE69B3E}.Release|x86.Build.0 = Release|Win32
		{A2273E95-E708-4485-B0A7-E628C3DA4B11}.Debug_Mdd|x64.ActiveCfg = Debug_Mdd|x64
		{A2273E95-E708-4485-B0A7-E628C3DA4B11}.Debug_Mdd|x64.Build.0 = Debug_Mdd|x64
		{A2273E95-E708-4485-B0A7-E628C3DA4B11}.Debug_Mdd|x86.ActiveCfg = Debug_Mdd|Win32
		{A2273E95-E708-4485-B0A7-E628C3DA4B11}.Debug_Mdd|x86.Build.0 = Debug_Mdd|Win32
		{A2273E95-E708-4485-B0A7-E628C3DA4B11}.Debug|x64.ActiveCfg = Debug|x64
		{A2273E95-E708-4485-B0A7-E628C3DA4B11}.Debug|x64.Build.0 = Debug|x64
		{A2273E95-E708-4485-B0A7-E628C3DA4B11}.Debug|x86.ActiveCfg = Debug|Win32
		{A2273E95-E708-4485-B0A7-E628C3DA4B11}.Debug|x86.Build.0 = Debug|Win32
		{A2273E95-E708-4485-B0A7-E628C3DA4B11}.Release_Md|x64.ActiveCfg = Release_Md|x64
		{A2273E95-E708-4485-B0A7-E628C3DA4B11}.Release_Md|x64.Build.0 = Release_Md|x64
		{A2273E95-E708-4485-B0A7-E628C3DA4B11}.Release_Md|x86.ActiveCfg = Release_Md|Win32
		{A2273E95-E708-4485-B0A7-E628C3DA4B11}.Release_Md|x86.Build.0 = Release_Md|Win32
		{A2273E95-E708-4485-B0A7-E628C3DA4B11}.Release|x64.ActiveCfg = Release|x64
		{A2273E95-E708-4485-B0A7-E628C3DA4B11}.Release|x64.Build.0 = Release|x64
		{A2273E95-E708-4485-B0A7-E628C3DA4B11}.Release|x86.ActiveCfg = Release|Win32
		{A2273E95-E708-4485-B0A7-E628C3DA4B11}.Release|x86.Build.0 = Release|Win32
		{EE7B4C06-4E68-4246-9C90-A1A182C1D404}.Debug_Mdd|x64.ActiveCfg = Debug_Mdd|x64
		{EE7B4C06-4E68-4246-9C90-A1A182C1D404}.Debug_Mdd|x64.Build.0 = Debug_Mdd|x64
		{EE7B4C06-4E68-4246-9C90-A1A182C1D404}.Debug_Mdd|x86.ActiveCfg = Debug_Mdd|Win32
		{EE7B4C06-4E68-4246-9C90-A1A182C1D404}.Debug_Mdd|x86.Build.0 = Debug_Mdd|Win32
		{EE7B4C06-4E68-4246-9C90-A1A182C1D404}.Debug|x64.ActiveCfg = Debug|x64
		{EE7B4C06-4E68-4246-9C90-A1A182C1D404}.Debug|x64.Build.0 = Debug|x64
		{EE7B4C06-4E68-4246-9C90-A1A182C1D404}.Debug|x86.ActiveCfg = Debug|Win32
		{EE7B4C06-4E68-4246-9C90-A1A182C1D404}.Debug|x86.Build.0 = Debug|Win32
		{EE7B4C06-4E68-4246-9C90-A1A182C1D404}.Release_Md|x64.ActiveCfg = Release_Md|x64
		{EE7B4C06-4E68-4246-9C90-A1A182C1D404}.Release_Md|x64.Build.0 = Release_Md|x64
		{EE7B4C06-4E68-4246-9C90-A1A182C1D404}.Release_Md|x86.ActiveCfg = Release_Md|Win32
		{EE7B4C06-4E68-4246-9C90-A1A182C1D404}.Release_Md|x86.Build.0 = Release_Md|Win32
		{EE7B4C06-4E68-4246-9C90-A1A182C1D404}.Release|x64.ActiveCfg = Release|x64
		{EE7B4C06-4E68-4246-9C90-A1A182C1D404}.Release|x64.Build.0 = Release|x64
		{EE7B4C06-4E68-4246-9C90-A1A182C1D404}.Release|x86.ActiveCfg = Release|Win32
		{EE7B4C06-4E68-4246-9C90-A1A182C1D404}.Release|x86.Build.0 = Release|Win32
		{E0115035-57E0-4E53-93BA-F655D9025E7C}.Debug_Mdd|x64.ActiveCfg = Debug_Mdd|x64
		{E0115035-57E0-4E53-93BA-F655D9025E7C}.Debug_Mdd|x64.Build.0 = Debug_Mdd|x64
		{E0115035-57E0-4E53-93BA-F655D9025E7C}.Debug_Mdd|x86.ActiveCfg = Debug_Mdd|Win32
		{E0115035-57E0-4E53-93BA-F655D9025E7C}.Debug_Mdd|x86.Build.0 = Debug_Mdd|Win32
		{E0115035-57E0-4E53-93BA-F655D9025E7C}.Debug|x64.ActiveCfg = Debug|x64
		{E0115035-57E0-4E53-93BA-F655D9025E7C}.Debug|x64.Build.0 = Debug|x64
		{E0115035-57E0-4E53-93BA-F655D9025E7C}.Debug|x86.ActiveCfg = Debug|Win32
		{E0115035-57E0-4E53-93BA-F655D9025E7C}.Debug|x86.Build.0 = Debug|Win32
		{E0115035-57E0-4E53-93BA-F655D9025E7C}.Release_Md|x64.ActiveCfg = Release_Md|x64
		{E0115035-57E0-4E53-93BA-F655D9025E7C}.Release_Md|x64.Build.0 = Release_Md|x64
		{E0115035-57E0-4E53-93BA-F655D9025E7C}.Release_Md|x86.ActiveCfg = Release_Md|Win32
		{E0115035-57E0-4E53-93BA-F655D9025E7C}.Release_Md|x86.Build.0 = Release_Md|Win32
		{E0115035-57E0-4E53-93BA-F655D9025E7C}.Release|x64.ActiveCfg = Release|x64
		{E0115035-57E0-4E53-93BA-F655D9025E7C}.Release|x64.Build.0 = Release|x64
		{E0115035-57E0-4E53-93BA-F655D9025E7C}.Release|x86.ActiveCfg = Release|Win32
		{E0115035-57E0-4E53-93BA-F655D9025E7C}.Release|x86.Build.0 = Release|Win32
		{F440AA25-776F-4F06-B415-10DDC1B8F700}.Debug_Mdd|x64.ActiveCfg = Debug_Mdd|x64
		{F440AA25-776F-4F06-B415-10DDC1B8F700}.Debug_Mdd|x64.Build.0 = Debug_Mdd|x64
		{F440AA25-776F-4F06-B415-10DDC1B8F700}.Debug_Mdd|x86.ActiveCfg = Debug_Mdd|Win32
		{F440AA25-776F-4F06-B415-10DDC1B8F700}.Debug_Mdd|x86.Build.0 = Debug_Mdd|Win32
		{F440AA25-776F-4F06-B415-10DDC1B8F700}.Debug|x64.ActiveCfg = Debug|x64
		{F440AA25-776F-4F06-B415-10DDC1B8F700}.Debug|x64.Build.0 = Debug|x64
		{F440AA25-776F-4F06-B415-10DDC1B8F700}.Debug|x86.ActiveCfg = Debug|Win32
		{F440AA25-776F-4F06-B415-10DDC1B8F700}.Debug|x86.Build.0 = Debug|Win32
		{F440AA25-776F-4F06-B415-10DDC1B8F700}.Release_Md|x64.ActiveCfg = Release_Md|x64
		{F440AA25-776F-4F06-B415-10DDC1B8F700}.Release_Md|x64.Build.0 = Release_Md|x64
		{F440AA25-776F-4F06-B415-10DDC1B8F700}.Release_Md|x86.ActiveCfg = Release_Md|Win32
		{F440AA25-776F-4F06-B415-10DDC1B8F700}.Release_Md|x86.Build.0 = Release_Md|Win32
		{F440AA25-776F-4F06-B415-10DDC1B8F700}.Release|x64.ActiveCfg = Release|x64
		{F440AA25-776F-4F06-B415-10DDC1B8F700}.Release|x64.Build.0 = Release|x64
		{F440AA25-776F-4F06-B415-10DDC1B8F700}.Release|x86.ActiveCfg = Release|Win32
		{F440AA25-776F-4F06-B415-10DDC1B8F700}.Release|x86.Build.0 = Release|Win32
		{D02424DE-6F1B-4BF8-A2C2-261BFC298828}.Debug_Mdd|x64.ActiveCfg = Debug_Mdd|x64
		{D02424DE-6F1B-4BF8-A2C2-261BFC298828}.Debug_Mdd|x64.Build.0 = Debug_Mdd|x64
		{D02424DE-6F1B-4BF8-A2C2-261BFC298828}.Debug_Mdd|x86.ActiveCfg = Debug_Mdd|Win32
		{D02424DE-6F1B-4BF8-A2C2-261BFC298828}.Debug_Mdd|x86.Build.0 = Debug_Mdd|Win32
		{D02424DE-6F1B-4BF8-A2C2-261BFC298828}.Debug|x64.ActiveCfg = Debug|x64
		{D02424DE-6F1B-4BF8-A2C2-261BFC298828}.Debug|x64.Build.0 = Debug|x64
		{D02424DE-6F1B-4BF8-A2C2-261BFC298828}.Debug|x86.ActiveCfg = Debug|Win32
		{D02424DE-6F1B-4BF8-A2C2-261BFC298828}.Debug|x86.Build.0 = Debug|Win32
		{D02424DE-6F1B-4BF8-A2C2-261BFC298828}.Release_Md|x64.ActiveCfg = Release_Md|x64
		{D02424DE-6F1B-4BF8-A2C2-261BFC298828}.Release_Md|x64.Build.0 = Release_Md|x64
		{D02424DE-6F1B-4BF8-A2C2-261BFC298828}.Release_Md|x86.ActiveCfg = Release_Md|Win32
		{D02424DE-6F1B-4BF8-A2C2-261BFC298828}.Release_Md|x86.Build.0 = Release_Md|Win32
		{D02424DE-6F1B-4BF8-A2C2-261BFC298828}.Release|x64.ActiveCfg = Release|x64
		{D02424DE-6F1B-4BF8-A2C2-261BFC298828}.Release|x64.Build.0 = Release|x64
		{D02424DE-6F1B-4BF8-A2C2-261BFC298828}.Release|x86.ActiveCfg = Release|Win32
		{D02424DE-6F1B-4BF8-A2C2-261BFC298828}.Release|x86.Build.0 = Release|Win32
		{066A1A9E-D482-4863-B9B7-911383EF0378}.Debug_Mdd|x64.ActiveCfg = Debug_Mdd|x64
		{066A1A9E-D482-4863-B9B7-911383EF0378}.Debug_Mdd|x64.Build.0 = Debug_Mdd|x64
		{066A1A9E-D482-4863-B9B7-911383EF0378}.Debug_Mdd|x86.ActiveCfg = Debug_Mdd|Win32
		{066A1A9E-D482-4863-B9B7-911383EF0378}.Debug_Mdd|x86.Build.0 = Debug_Mdd|Win32
		{066A1A9E-D482-4863-B9B7-911383EF0378}.Debug|x64.ActiveCfg = Debug|x64
		{066A1A9E-D482-4863-B9B7-911383EF0378}.Debug|x64.Build.0 = Debug|x64
		{066A1A9E-D482-4863-B9B7-911383EF0378}.Debug|x86.ActiveCfg = Debug|Win32
		{066A1A9E-D482-4863-B9B7-911383EF0378}.Debug|x86.Build.0 = Debug|Win32
		{066A1A9E-D482-4863-B9B7-911383EF0378}.Release_Md|x64.ActiveCfg = Release_Md|x64
		{066A1A9E-D482-4863-B9B7-911383EF0378}.Release_Md|x64.Build.0 = Release_Md|x64
		{066A1A9E-D482-4863-B9B7-911383EF0378}.Release_Md|x86.ActiveCfg = Release_Md|Win32
		{066A1A9E-D482-4863-B9B7-911383EF0378}.Release_Md|x86.Build.0 = Release_Md|Win32
		{066A1A9E-D482-4863-B9B7-911383EF0378}.Release|x64.ActiveCfg = Release|x64
		{066A1A9E-D482-4863-B9B7-911383EF0378}.Release|x64.Build.0 = Release|x64
		{066A1A9E-D482-4863-B9B7-911383EF0378}.Release|x86.ActiveCfg = Release|Win32
		{066A1A9E-D482-4863-B9B7-911383EF0378}.Release|x86.Build.0 = Release|Win32
		{9BD2DDE7-8B50-44D3-8FB0-80ABFCDF91B1}.Debug_Mdd|x64.ActiveCfg = Release_Md|x64
		{9BD2DDE7-8B50-44D3-8FB0-80ABFCDF91B1}.Debug_Mdd|x64.Build.0 = Release_Md|x64
		{9BD2DDE7-8B50-44D3-8FB0-80ABFCDF91B1}.Debug_Mdd|x86.ActiveCfg = Debug_Mdd|Win32
		{9BD2DDE7-8B50-44D3-8FB0-80ABFCDF91B1}.Debug_Mdd|x86.Build.0 = Debug_Mdd|Win32
		{9BD2DDE7-8B50-44D3-8FB0-80ABFCDF91B1}.Debug|x64.ActiveCfg = Debug|x64
		{9BD2DDE7-8B50-44D3-8FB0-80ABFCDF91B1}.Debug|x64.Build.0 = Debug|x64
		{9BD2DDE7-8B50-44D3-8FB0-80ABFCDF91B1}.Debug|x86.ActiveCfg = Debug|Win32
		{9BD2DDE7-8B50-44D3-8FB0-80ABFCDF91B1}.Debug|x86.Build.0 = Debug|Win32
		{9BD2DDE7-8B50-44D3-8FB0-80ABFCDF91B1}.Release_Md|x64.ActiveCfg = Release_Md|x64
		{9BD2DDE7-8B50-44D3-8FB0-80ABFCDF91B1}.Release_Md|x64.Build.0 = Release_Md|x64
		{9BD2DDE7-8B50-44D3-8FB0-80ABFCDF91B1}.Release_Md|x86.ActiveCfg = Release_Md|Win32
		{9BD2DDE7-8B50-44D3-8FB0-80ABFCDF91B1}.Release_Md|x86.Build.0 = Release_Md|Win32
		{9BD2DDE7-8B50-44D3-8FB0-80ABFCDF91B1}.Release|x64.ActiveCfg = Release|x64
		{9BD2DDE7-8B50-44D3-8FB0-80ABFCDF91B1}.Release|x64.Build.0 = Release|x64
		{9BD2DDE7-8B50-44D3-8FB0-80ABFCDF91B1}.Release|x86.ActiveCfg = Release|Win32
		{9BD2DDE7-8B50-44D3-8FB0-80ABFCDF91B1}.Release|x86.Build.0 = Release|Win32
		{27CCA0FD-A8E1-46B1-84F2-98388D518E72}.Debug_Mdd|x64.ActiveCfg = Debug_Mdd|x64
		{27CCA0FD-A8E1-46B1-84F2-98388D518E72}.Debug_Mdd|x64.Build.0 = Debug_Mdd|x64
		{27CCA0FD-A8E1-46B1-84F2-98388D518E72}.Debug_Mdd|x86.ActiveCfg = Debug_Mdd|Win32
		{27CCA0FD-A8E1-46B1-84F2-98388D518E72}.Debug_Mdd|x86.Build.0 = Debug_Mdd|Win32
		{27CCA0FD-A8E1-46B1-84F2-98388D518E72}.Debug|x64.ActiveCfg = Debug|x64
		{27CCA0FD-A8E1-46B1-84F2-98388D518E72}.Debug|x64.Build.0 = Debug|x64
		{27CCA0FD-A8E1-46B1-84F2-98388D518E72}.Debug|x86.ActiveCfg = Debug|Win32
		{27CCA0FD-A8E1-46B1-84F2-98388D518E72}.Debug|x86.Build.0 = Debug|Win32
		{27CCA0FD-A8E1-46B1-84F2-98388D518E72}.Release_Md|x64.ActiveCfg = Release_Md|x64
		{27CCA0FD-A8E1-46B1-84F2-98388D518E72}.Release_Md|x64.Build.0 = Release_Md|x64
		{27CCA0FD-A8E1-46B1-84F2-98388D518E72}.Release_Md|x86.ActiveCfg = Release_Md|Win32
		{27CCA0FD-A8E1-46B1-84F2-98388D518E72}.Release_Md|x86.Build.0 = Release_Md|Win32
		{27CCA0FD-A8E1-46B1-84F2-98388D518E72}.Release|x64.ActiveCfg = Release|x64
		{27CCA0FD-A8E1-46B1-84F2-98388D518E72}.Release|x64.Build.0 = Release|x64
		{27CCA0FD-A8E1-46B1-84F2-98388D518E72}.Release|x86.ActiveCfg = Release|Win32
		{27CCA0FD-A8E1-46B1-84F2-98388D518E72}.Release|x86.Build.0 = Release|Win32
		{464ED606-CA9D-4655-84FF-2CE66A2B6AC0}.Debug_Mdd|x64.ActiveCfg = Debug_Mdd|x64
		{464ED606-CA9D-4655-84FF-2CE66A2B6AC0}.Debug_Mdd|x64.Build.0 = Debug_Mdd|x64
		{464ED606-CA9D-4655-84FF-2CE66A2B6AC0}.Debug_Mdd|x86.ActiveCfg = Debug_Mdd|Win32
		{464ED606-CA9D-4655-84FF-2CE66A2B6AC0}.Debug_Mdd|x86.Build.0 = Debug_Mdd|Win32
		{464ED606-CA9D-4655-84FF-2CE66A2B6AC0}.Debug|x64.ActiveCfg = Debug|x64
		{464ED606-CA9D-4655-84FF-2CE66A2B6AC0}.Debug|x64.Build.0 = Debug|x64
		{464ED606-CA9D-4655-84FF-2CE66A2B6AC0}.Debug|x86.ActiveCfg = Debug|Win32
		{464ED606-CA9D-4655-84FF-2CE66A2B6AC0}.Debug|x86.Build.0 = Debug|Win32
		{464ED606-CA9D-4655-84FF-2CE66A2B6AC0}.Release_Md|x64.ActiveCfg = Release_Md|x64
		{464ED606-CA9D-4655-84FF-2CE66A2B6AC0}.Release_Md|x64.Build.0 = Release_Md|x64
		{464ED606-CA9D-4655-84FF-2CE66A2B6AC0}.Release_Md|x86.ActiveCfg = Release_Md|Win32
		{464ED606-CA9D-4655-84FF-2CE66A2B6AC0}.Release_Md|x86.Build.0 = Release_Md|Win32
		{464ED606-CA9D-4655-84FF-2CE66A2B6AC0}.Release|x64.ActiveCfg = Release|x64
		{464ED606-CA9D-4655-84FF-2CE66A2B6AC0}.Release|x64.Build.0 = Release|x64
		{464ED606-CA9D-4655-84FF-2CE66A2B6AC0}.Release|x86.ActiveCfg = Release|Win32
		{464ED606-CA9D-4655-84FF-2CE66A2B6AC0}.Release|x86.Build.0 = Release|Win32
		{8E4AE26B-8F8F-40C2-9E7A-A02392E21E55}.Debug_Mdd|x64.ActiveCfg = Debug|x64
		{8E4AE26B-8F8F-40C2-9E7A-A02392E21E55}.Debug_Mdd|x64.Build.0 = Debug|x64
		{8E4AE26B-8F8F-40C2-9E7A-A02392E21E55}.Debug_Mdd|x86.ActiveCfg = Debug|Win32
		{8E4AE26B-8F8F-40C2-9E7A-A02392E21E55}.Debug_Mdd|x86.Build.0 = Debug|Win32
		{8E4AE26B-8F8F-40C2-9E7A-A02392E21E55}.Debug|x64.ActiveCfg = Debug|x64
		{8E4AE26B-8F8F-40C2-9E7A-A02392E21E55}.Debug|x64.Build.0 = Debug|x64
		{8E4AE26B-8F8F-40C2-9E7A-A02392E21E55}.Debug|x86.ActiveCfg = Debug|Win32
		{8E4AE26B-8F8F-40C2-9E7A-A02392E21E55}.Debug|x86.Build.0 = Debug|Win32
		{8E4AE26B-8F8F-40C2-9E7A-A02392E21E55}.Release_Md|x64.ActiveCfg = Release|x64
		{8E4AE26B-8F8F-40C2-9E7A-A02392E21E55}.Release_Md|x64.Build.0 = Release|x64
		{8E4AE26B-8F8F-40C2-9E7A-A02392E21E55}.Release_Md|x86.ActiveCfg = Release|Win32
		{8E4AE26B-8F8F-40C2-9E7A-A02392E21E55}.Release_Md|x86.Build.0 = Release|Win32
		{8E4AE26B-8F8F-40C2-9E7A-A02392E21E55}.Release|x64.ActiveCfg = Release|x64
		{8E4AE26B-8F8F-40C2-9E7A-A02392E21E55}.Release|x64.Build.0 = Release|x64
		{8E4AE26B-8F8F-40C2-9E7A-A02392E21E55}.Release|x86.ActiveCfg = Release|Win32
		{8E4AE26B-8F8F-40C2-9E7A-A02392E21E55}.Release|x86.Build.0 = Release|Win32
	EndGlobalSection
	GlobalSection(SolutionProperties) = preSolution
		HideSolutionNode = FALSE
	EndGlobalSection
	GlobalSection(NestedProjects) = preSolution
		{EE7B4C06-4E68-4246-9C90-A1A182C1D404} = {61E977D8-89DD-4B78-AE8A-72672237EEEF}
		{E0115035-57E0-4E53-93BA-F655D9025E7C} = {61E977D8-89DD-4B78-AE8A-72672237EEEF}
		{F440AA25-776F-4F06-B415-10DDC1B8F700} = {61E977D8-89DD-4B78-AE8A-72672237EEEF}
		{D02424DE-6F1B-4BF8-A2C2-261BFC298828} = {61E977D8-89DD-4B78-AE8A-72672237EEEF}
		{066A1A9E-D482-4863-B9B7-911383EF0378} = {61E977D8-89DD-4B78-AE8A-72672237EEEF}
	EndGlobalSection
	GlobalSection(ExtensibilityGlobals) = postSolution
		    SolutionGuid = {56D4A83D-6978-4375-BF3D-EE0FEB6092C5}
		SolutionGuid = {9A14C6CA-63B2-4981-8FEC-FA8AAC6BBDE9}
	EndGlobalSection
EndGlobal
